
Microsoft Visual Studio Solution File, Format Version 12.00
# Visual Studio 2012
Project("{FAE04EC0-301F-11D3-BF4B-00C04F79EFBC}") = "Passcode.Android.Simple", "Passcode.Android.Simple\Passcode.Android.Simple.csproj", "{A60DB093-58C4-4F78-8AE9-A0CC7584474F}"
EndProject
Project("{FAE04EC0-301F-11D3-BF4B-00C04F79EFBC}") = "Passcode.Android.Customized", "Passcode.Android.Customized\Passcode.Android.Customized.csproj", "{7B1CCC68-A5EB-428D-89BA-7AA30FA0845A}"
EndProject
Global
	GlobalSection(SolutionConfigurationPlatforms) = preSolution
		Debug|Any CPU = Debug|Any CPU
		Release|Any CPU = Release|Any CPU
	EndGlobalSection
	GlobalSection(ProjectConfigurationPlatforms) = postSolution
		{7B1CCC68-A5EB-428D-89BA-7AA30FA0845A}.Debug|Any CPU.ActiveCfg = Debug|Any CPU
		{7B1CCC68-A5EB-428D-89BA-7AA30FA0845A}.Debug|Any CPU.Build.0 = Debug|Any CPU
		{7B1CCC68-A5EB-428D-89BA-7AA30FA0845A}.Release|Any CPU.ActiveCfg = Release|Any CPU
		{7B1CCC68-A5EB-428D-89BA-7AA30FA0845A}.Release|Any CPU.Build.0 = Release|Any CPU
		{A60DB093-58C4-4F78-8AE9-A0CC7584474F}.Debug|Any CPU.ActiveCfg = Debug|Any CPU
		{A60DB093-58C4-4F78-8AE9-A0CC7584474F}.Debug|Any CPU.Build.0 = Debug|Any CPU
		{A60DB093-58C4-4F78-8AE9-A0CC7584474F}.Release|Any CPU.ActiveCfg = Release|Any CPU
		{A60DB093-58C4-4F78-8AE9-A0CC7584474F}.Release|Any CPU.Build.0 = Release|Any CPU
	EndGlobalSection
	GlobalSection(MonoDevelopProperties) = preSolution
		StartupItem = Passcode.Android.Customized\Passcode.Android.Customized.csproj
	EndGlobalSection
EndGlobal
